
Microsoft Visual Studio Solution File, Format Version 12.00
# Visual Studio Version 17
VisualStudioVersion = 17.11.35208.52
MinimumVisualStudioVersion = 10.0.40219.1
Project("{FAE04EC0-301F-11D3-BF4B-00C04F79EFBC}") = "BMI-CONVERTION", "BMI-CONVERTION.csproj", "{38B48C54-9348-4E2A-A1D2-28A21CB1292D}"
EndProject
Global
	GlobalSection(SolutionConfigurationPlatforms) = preSolution
		Debug|Any CPU = Debug|Any CPU
		Release|Any CPU = Release|Any CPU
	EndGlobalSection
	GlobalSection(ProjectConfigurationPlatforms) = postSolution
		{38B48C54-9348-4E2A-A1D2-28A21CB1292D}.Debug|Any CPU.ActiveCfg = Debug|Any CPU
		{38B48C54-9348-4E2A-A1D2-28A21CB1292D}.Debug|Any CPU.Build.0 = Debug|Any CPU
		{38B48C54-9348-4E2A-A1D2-28A21CB1292D}.Release|Any CPU.ActiveCfg = Release|Any CPU
		{38B48C54-9348-4E2A-A1D2-28A21CB1292D}.Release|Any CPU.Build.0 = Release|Any CPU
	EndGlobalSection
	GlobalSection(SolutionProperties) = preSolution
		HideSolutionNode = FALSE
	EndGlobalSection
	GlobalSection(ExtensibilityGlobals) = postSolution
		SolutionGuid = {BE3776A1-8893-418E-9B62-BA41766F2250}
	EndGlobalSection
EndGlobal
